
Microsoft Visual Studio Solution File, Format Version 12.00
# Visual Studio Version 17
VisualStudioVersion = 17.9.34723.18
MinimumVisualStudioVersion = 10.0.40219.1
Project("{FAE04EC0-301F-11D3-BF4B-00C04F79EFBC}") = "ASC.Web", "ASC.Web\ASC.Web.csproj", "{55C98B93-7F42-423B-9986-4DB72A122F46}"
EndProject
Global
	GlobalSection(SolutionConfigurationPlatforms) = preSolution
		Debug|Any CPU = Debug|Any CPU
		Release|Any CPU = Release|Any CPU
	EndGlobalSection
	GlobalSection(ProjectConfigurationPlatforms) = postSolution
		{55C98B93-7F42-423B-9986-4DB72A122F46}.Debug|Any CPU.ActiveCfg = Debug|Any CPU
		{55C98B93-7F42-423B-9986-4DB72A122F46}.Debug|Any CPU.Build.0 = Debug|Any CPU
		{55C98B93-7F42-423B-9986-4DB72A122F46}.Release|Any CPU.ActiveCfg = Release|Any CPU
		{55C98B93-7F42-423B-9986-4DB72A122F46}.Release|Any CPU.Build.0 = Release|Any CPU
	EndGlobalSection
	GlobalSection(SolutionProperties) = preSolution
		HideSolutionNode = FALSE
	EndGlobalSection
	GlobalSection(ExtensibilityGlobals) = postSolution
		SolutionGuid = {51F7C480-9283-46DE-B99B-F5ECEF71C012}
	EndGlobalSection
EndGlobal
